{
  "name": "Transporter",
  "lockfileVersion": 2,
  "requires": true,
  "packages": {
    "": {
      "dependencies": {
        "@fortawesome/fontawesome-free": "^6.2.0",
        "primeflex": "^3.2.1",
        "primeicons": "^6.0.1",
        "primeng": "^14.1.2"
      }
    },
    "node_modules/@angular/common": {
      "version": "14.2.5",
      "resolved": "https://registry.npmjs.org/@angular/common/-/common-14.2.5.tgz",
      "integrity": "sha512-v2fIK6imfMkUvYNjZQO+drE39QO3eSS95Yy7UN+6inb47DkAfzx6hipA9zKrMENjsS3kDv1d7cgDHE7WuOCzIw==",
      "peer": true,
      "dependencies": {
        "tslib": "^2.3.0"
      },
      "engines": {
        "node": "^14.15.0 || >=16.10.0"
      },
      "peerDependencies": {
        "@angular/core": "14.2.5",
        "rxjs": "^6.5.3 || ^7.4.0"
      }
    },
    "node_modules/@angular/core": {
      "version": "14.2.5",
      "resolved": "https://registry.npmjs.org/@angular/core/-/core-14.2.5.tgz",
      "integrity": "sha512-Ok78Abq0puMGlolvNVzKFvsX7ePDkyxpZzztDzXDdRA4x4o6bAuuDG9Y7Wab2+wsdY6NktO+dFQjq1UBWClgSg==",
      "peer": true,
      "dependencies": {
        "tslib": "^2.3.0"
      },
      "engines": {
        "node": "^14.15.0 || >=16.10.0"
      },
      "peerDependencies": {
        "rxjs": "^6.5.3 || ^7.4.0",
        "zone.js": "~0.11.4"
      }
    },
    "node_modules/@angular/forms": {
      "version": "14.2.5",
      "resolved": "https://registry.npmjs.org/@angular/forms/-/forms-14.2.5.tgz",
      "integrity": "sha512-aMH5Vrftny0KF0XzWQIGfHoI0LVQ2aatpWzdUWiUqBeX/Q+ucmxeP5rZyKtUsi0flETWxdRZSBTjbXZ3dsIcTA==",
      "peer": true,
      "dependencies": {
        "tslib": "^2.3.0"
      },
      "engines": {
        "node": "^14.15.0 || >=16.10.0"
      },
      "peerDependencies": {
        "@angular/common": "14.2.5",
        "@angular/core": "14.2.5",
        "@angular/platform-browser": "14.2.5",
        "rxjs": "^6.5.3 || ^7.4.0"
      }
    },
    "node_modules/@angular/platform-browser": {
      "version": "14.2.5",
      "resolved": "https://registry.npmjs.org/@angular/platform-browser/-/platform-browser-14.2.5.tgz",
      "integrity": "sha512-FDZm23N9veSEouQX1YuZUjv7Nillroi+v0VbN1x5iPpFZEudaoZYT3A7bpJwdlxUx/4rGS0caaXNhN3CowtIeQ==",
      "peer": true,
      "dependencies": {
        "tslib": "^2.3.0"
      },
      "engines": {
        "node": "^14.15.0 || >=16.10.0"
      },
      "peerDependencies": {
        "@angular/animations": "14.2.5",
        "@angular/common": "14.2.5",
        "@angular/core": "14.2.5"
      },
      "peerDependenciesMeta": {
        "@angular/animations": {
          "optional": true
        }
      }
    },
    "node_modules/@fortawesome/fontawesome-free": {
      "version": "6.2.0",
      "resolved": "https://registry.npmjs.org/@fortawesome/fontawesome-free/-/fontawesome-free-6.2.0.tgz",
      "integrity": "sha512-CNR7qRIfCwWHNN7FnKUniva94edPdyQzil/zCwk3v6k4R6rR2Fr8i4s3PM7n/lyfPA6Zfko9z5WDzFxG9SW1uQ==",
      "hasInstallScript": true,
      "engines": {
        "node": ">=6"
      }
    },
    "node_modules/primeflex": {
      "version": "3.2.1",
      "resolved": "https://registry.npmjs.org/primeflex/-/primeflex-3.2.1.tgz",
      "integrity": "sha512-sGDJ4mh2fG19xa1yc4IPGSQ8MUMyu5nU+tYnl27AFuFHhX8XwEA7fWCtWyBbclclVhXtre+Kf9WobWPnfxWAEQ=="
    },
    "node_modules/primeicons": {
      "version": "6.0.1",
      "resolved": "https://registry.npmjs.org/primeicons/-/primeicons-6.0.1.tgz",
      "integrity": "sha512-KDeO94CbWI4pKsPnYpA1FPjo79EsY9I+M8ywoPBSf9XMXoe/0crjbUK7jcQEDHuc0ZMRIZsxH3TYLv4TUtHmAA=="
    },
    "node_modules/primeng": {
      "version": "14.1.2",
      "resolved": "https://registry.npmjs.org/primeng/-/primeng-14.1.2.tgz",
      "integrity": "sha512-iLMeORiLD46SNAotxCwRXoaRMXLs3ZbFzyePrPSNAFQbKEbsLfpUvsAUAatb/TA0jd8TnXgdCjZ07ee4664XVQ==",
      "dependencies": {
        "tslib": "^2.3.0"
      },
      "peerDependencies": {
        "@angular/common": "^14.0.0",
        "@angular/core": "^14.0.0",
        "@angular/forms": "^14.0.0",
        "primeicons": "^6.0.1",
        "rxjs": "^6.0.0 || ^7.0.0",
        "zone.js": "^0.10.2 || ^0.11.0"
      }
    },
    "node_modules/rxjs": {
      "version": "7.5.7",
      "resolved": "https://registry.npmjs.org/rxjs/-/rxjs-7.5.7.tgz",
      "integrity": "sha512-z9MzKh/UcOqB3i20H6rtrlaE/CgjLOvheWK/9ILrbhROGTweAi1BaFsTT9FbwZi5Trr1qNRs+MXkhmR06awzQA==",
      "peer": true,
      "dependencies": {
        "tslib": "^2.1.0"
      }
    },
    "node_modules/tslib": {
      "version": "2.4.0",
      "resolved": "https://registry.npmjs.org/tslib/-/tslib-2.4.0.tgz",
      "integrity": "sha512-d6xOpEDfsi2CZVlPQzGeux8XMwLT9hssAsaPYExaQMuYskwb+x1x7J371tWlbBdWHroy99KnVB6qIkUbs5X3UQ=="
    },
    "node_modules/zone.js": {
      "version": "0.11.8",
      "resolved": "https://registry.npmjs.org/zone.js/-/zone.js-0.11.8.tgz",
      "integrity": "sha512-82bctBg2hKcEJ21humWIkXRlLBBmrc3nN7DFh5LGGhcyycO2S7FN8NmdvlcKaGFDNVL4/9kFLmwmInTavdJERA==",
      "peer": true,
      "dependencies": {
        "tslib": "^2.3.0"
      }
    }
  },
  "dependencies": {
    "@angular/common": {
      "version": "14.2.5",
      "resolved": "https://registry.npmjs.org/@angular/common/-/common-14.2.5.tgz",
      "integrity": "sha512-v2fIK6imfMkUvYNjZQO+drE39QO3eSS95Yy7UN+6inb47DkAfzx6hipA9zKrMENjsS3kDv1d7cgDHE7WuOCzIw==",
      "peer": true,
      "requires": {
        "tslib": "^2.3.0"
      }
    },
    "@angular/core": {
      "version": "14.2.5",
      "resolved": "https://registry.npmjs.org/@angular/core/-/core-14.2.5.tgz",
      "integrity": "sha512-Ok78Abq0puMGlolvNVzKFvsX7ePDkyxpZzztDzXDdRA4x4o6bAuuDG9Y7Wab2+wsdY6NktO+dFQjq1UBWClgSg==",
      "peer": true,
      "requires": {
        "tslib": "^2.3.0"
      }
    },
    "@angular/forms": {
      "version": "14.2.5",
      "resolved": "https://registry.npmjs.org/@angular/forms/-/forms-14.2.5.tgz",
      "integrity": "sha512-aMH5Vrftny0KF0XzWQIGfHoI0LVQ2aatpWzdUWiUqBeX/Q+ucmxeP5rZyKtUsi0flETWxdRZSBTjbXZ3dsIcTA==",
      "peer": true,
      "requires": {
        "tslib": "^2.3.0"
      }
    },
    "@angular/platform-browser": {
      "version": "14.2.5",
      "resolved": "https://registry.npmjs.org/@angular/platform-browser/-/platform-browser-14.2.5.tgz",
      "integrity": "sha512-FDZm23N9veSEouQX1YuZUjv7Nillroi+v0VbN1x5iPpFZEudaoZYT3A7bpJwdlxUx/4rGS0caaXNhN3CowtIeQ==",
      "peer": true,
      "requires": {
        "tslib": "^2.3.0"
      }
    },
    "@fortawesome/fontawesome-free": {
      "version": "6.2.0",
      "resolved": "https://registry.npmjs.org/@fortawesome/fontawesome-free/-/fontawesome-free-6.2.0.tgz",
      "integrity": "sha512-CNR7qRIfCwWHNN7FnKUniva94edPdyQzil/zCwk3v6k4R6rR2Fr8i4s3PM7n/lyfPA6Zfko9z5WDzFxG9SW1uQ=="
    },
    "primeflex": {
      "version": "3.2.1",
      "resolved": "https://registry.npmjs.org/primeflex/-/primeflex-3.2.1.tgz",
      "integrity": "sha512-sGDJ4mh2fG19xa1yc4IPGSQ8MUMyu5nU+tYnl27AFuFHhX8XwEA7fWCtWyBbclclVhXtre+Kf9WobWPnfxWAEQ=="
    },
    "primeicons": {
      "version": "6.0.1",
      "resolved": "https://registry.npmjs.org/primeicons/-/primeicons-6.0.1.tgz",
      "integrity": "sha512-KDeO94CbWI4pKsPnYpA1FPjo79EsY9I+M8ywoPBSf9XMXoe/0crjbUK7jcQEDHuc0ZMRIZsxH3TYLv4TUtHmAA=="
    },
    "primeng": {
      "version": "14.1.2",
      "resolved": "https://registry.npmjs.org/primeng/-/primeng-14.1.2.tgz",
      "integrity": "sha512-iLMeORiLD46SNAotxCwRXoaRMXLs3ZbFzyePrPSNAFQbKEbsLfpUvsAUAatb/TA0jd8TnXgdCjZ07ee4664XVQ==",
      "requires": {
        "tslib": "^2.3.0"
      }
    },
    "rxjs": {
      "version": "7.5.7",
      "resolved": "https://registry.npmjs.org/rxjs/-/rxjs-7.5.7.tgz",
      "integrity": "sha512-z9MzKh/UcOqB3i20H6rtrlaE/CgjLOvheWK/9ILrbhROGTweAi1BaFsTT9FbwZi5Trr1qNRs+MXkhmR06awzQA==",
      "peer": true,
      "requires": {
        "tslib": "^2.1.0"
      }
    },
    "tslib": {
      "version": "2.4.0",
      "resolved": "https://registry.npmjs.org/tslib/-/tslib-2.4.0.tgz",
      "integrity": "sha512-d6xOpEDfsi2CZVlPQzGeux8XMwLT9hssAsaPYExaQMuYskwb+x1x7J371tWlbBdWHroy99KnVB6qIkUbs5X3UQ=="
    },
    "zone.js": {
      "version": "0.11.8",
      "resolved": "https://registry.npmjs.org/zone.js/-/zone.js-0.11.8.tgz",
      "integrity": "sha512-82bctBg2hKcEJ21humWIkXRlLBBmrc3nN7DFh5LGGhcyycO2S7FN8NmdvlcKaGFDNVL4/9kFLmwmInTavdJERA==",
      "peer": true,
      "requires": {
        "tslib": "^2.3.0"
      }
    }
  }
}
